// !$*UTF8*$!
{
	archiveVersion = 1;
	classes = {
	};
	objectVersion = 56;
	objects = {

/* Begin PBXBuildFile section */
		5ECBD4A72D326F14008220AA /* AppDelegate.swift in Sources */ = {isa = PBXBuildFile; fileRef = 5ECBD4A62D326F14008220AA /* AppDelegate.swift */; };
		5ECBD4A92D326F14008220AA /* SceneDelegate.swift in Sources */ = {isa = PBXBuildFile; fileRef = 5ECBD4A82D326F14008220AA /* SceneDelegate.swift */; };
		5ECBD4AB2D326F14008220AA /* CoinsListViewController.swift in Sources */ = {isa = PBXBuildFile; fileRef = 5ECBD4AA2D326F14008220AA /* CoinsListViewController.swift */; };
		5ECBD4AE2D326F14008220AA /* Main.storyboard in Resources */ = {isa = PBXBuildFile; fileRef = 5ECBD4AC2D326F14008220AA /* Main.storyboard */; };
		5ECBD4B02D326F16008220AA /* Assets.xcassets in Resources */ = {isa = PBXBuildFile; fileRef = 5ECBD4AF2D326F16008220AA /* Assets.xcassets */; };
		5ECBD4B32D326F16008220AA /* LaunchScreen.storyboard in Resources */ = {isa = PBXBuildFile; fileRef = 5ECBD4B12D326F16008220AA /* LaunchScreen.storyboard */; };
		5ECBD4BD2D32750D008220AA /* APIClient.swift in Sources */ = {isa = PBXBuildFile; fileRef = 5ECBD4BC2D32750D008220AA /* APIClient.swift */; };
		5ECBD4C02D327B29008220AA /* Coin.swift in Sources */ = {isa = PBXBuildFile; fileRef = 5ECBD4BF2D327B29008220AA /* Coin.swift */; };
		5ECBD4C22D327D41008220AA /* CoinsListService.swift in Sources */ = {isa = PBXBuildFile; fileRef = 5ECBD4C12D327D41008220AA /* CoinsListService.swift */; };
		5ECBD4C42D328871008220AA /* FavouriteCoinsViewController.swift in Sources */ = {isa = PBXBuildFile; fileRef = 5ECBD4C32D328871008220AA /* FavouriteCoinsViewController.swift */; };
		5ECBD4CB2D329103008220AA /* CoinsListPresenter.swift in Sources */ = {isa = PBXBuildFile; fileRef = 5ECBD4CA2D329103008220AA /* CoinsListPresenter.swift */; };
		5ECBD4CD2D33F3CB008220AA /* FavouritesStore.swift in Sources */ = {isa = PBXBuildFile; fileRef = 5ECBD4CC2D33F3CB008220AA /* FavouritesStore.swift */; };
		5ECBD4CF2D33F9AC008220AA /* FavouriteCoinsPresenter.swift in Sources */ = {isa = PBXBuildFile; fileRef = 5ECBD4CE2D33F9AC008220AA /* FavouriteCoinsPresenter.swift */; };
		5ECBD4D42D340ACA008220AA /* String.swift in Sources */ = {isa = PBXBuildFile; fileRef = 5ECBD4D32D340ACA008220AA /* String.swift */; };
		5ECBD4D62D340CBC008220AA /* SortOption.swift in Sources */ = {isa = PBXBuildFile; fileRef = 5ECBD4D52D340CBC008220AA /* SortOption.swift */; };
		5ECBD4DD2D342431008220AA /* SortOptionsViewModel.swift in Sources */ = {isa = PBXBuildFile; fileRef = 5ECBD4DC2D342431008220AA /* SortOptionsViewModel.swift */; };
		5ECBD4DF2D342795008220AA /* CoinRowView.swift in Sources */ = {isa = PBXBuildFile; fileRef = 5ECBD4DE2D342795008220AA /* CoinRowView.swift */; };
		5ECBD4E12D342DB5008220AA /* CoinRowTableViewCell.swift in Sources */ = {isa = PBXBuildFile; fileRef = 5ECBD4E02D342DB5008220AA /* CoinRowTableViewCell.swift */; };
		5ECBD4E32D343A6D008220AA /* CoinDetailsViewController.swift in Sources */ = {isa = PBXBuildFile; fileRef = 5ECBD4E22D343A6D008220AA /* CoinDetailsViewController.swift */; };
		5ECBD4E52D34BD65008220AA /* CoinsListHeaderView.swift in Sources */ = {isa = PBXBuildFile; fileRef = 5ECBD4E42D34BD65008220AA /* CoinsListHeaderView.swift */; };
		5ECBD4E72D354D38008220AA /* CoinDetailsView.swift in Sources */ = {isa = PBXBuildFile; fileRef = 5ECBD4E62D354D38008220AA /* CoinDetailsView.swift */; };
		5ECBD4E92D356FE3008220AA /* CoinDetails.swift in Sources */ = {isa = PBXBuildFile; fileRef = 5ECBD4E82D356FE3008220AA /* CoinDetails.swift */; };
		5ECBD4EB2D356FF8008220AA /* CoinHistory.swift in Sources */ = {isa = PBXBuildFile; fileRef = 5ECBD4EA2D356FF8008220AA /* CoinHistory.swift */; };
		5ECBD4ED2D3572DE008220AA /* CoinStatisticsView.swift in Sources */ = {isa = PBXBuildFile; fileRef = 5ECBD4EC2D3572DE008220AA /* CoinStatisticsView.swift */; };
		5ECBD4EF2D357448008220AA /* CoinHistoryView.swift in Sources */ = {isa = PBXBuildFile; fileRef = 5ECBD4EE2D357448008220AA /* CoinHistoryView.swift */; };
		5ECBD4F22D357692008220AA /* CoinDetailsViewModel.swift in Sources */ = {isa = PBXBuildFile; fileRef = 5ECBD4F12D357692008220AA /* CoinDetailsViewModel.swift */; };
		5ECBD4F42D35781F008220AA /* CoinDetailsService.swift in Sources */ = {isa = PBXBuildFile; fileRef = 5ECBD4F32D35781F008220AA /* CoinDetailsService.swift */; };
		5ECBD4F62D369D0D008220AA /* SortButton.swift in Sources */ = {isa = PBXBuildFile; fileRef = 5ECBD4F52D369D0D008220AA /* SortButton.swift */; };
		5ECBD4FE2D36B14B008220AA /* Coin_RankingTests.swift in Sources */ = {isa = PBXBuildFile; fileRef = 5ECBD4FD2D36B14B008220AA /* Coin_RankingTests.swift */; };
/* End PBXBuildFile section */

/* Begin PBXContainerItemProxy section */
		5ECBD4FF2D36B14B008220AA /* PBXContainerItemProxy */ = {
			isa = PBXContainerItemProxy;
			containerPortal = 5ECBD49B2D326F14008220AA /* Project object */;
			proxyType = 1;
			remoteGlobalIDString = 5ECBD4A22D326F14008220AA;
			remoteInfo = "Coin Ranking";
		};
/* End PBXContainerItemProxy section */

/* Begin PBXFileReference section */
		5ECBD4A32D326F14008220AA /* Coin Ranking.app */ = {isa = PBXFileReference; explicitFileType = wrapper.application; includeInIndex = 0; path = "Coin Ranking.app"; sourceTree = BUILT_PRODUCTS_DIR; };
		5ECBD4A62D326F14008220AA /* AppDelegate.swift */ = {isa = PBXFileReference; lastKnownFileType = sourcecode.swift; path = AppDelegate.swift; sourceTree = "<group>"; };
		5ECBD4A82D326F14008220AA /* SceneDelegate.swift */ = {isa = PBXFileReference; lastKnownFileType = sourcecode.swift; path = SceneDelegate.swift; sourceTree = "<group>"; };
		5ECBD4AA2D326F14008220AA /* CoinsListViewController.swift */ = {isa = PBXFileReference; lastKnownFileType = sourcecode.swift; path = CoinsListViewController.swift; sourceTree = "<group>"; };
		5ECBD4AD2D326F14008220AA /* Base */ = {isa = PBXFileReference; lastKnownFileType = file.storyboard; name = Base; path = Base.lproj/Main.storyboard; sourceTree = "<group>"; };
		5ECBD4AF2D326F16008220AA /* Assets.xcassets */ = {isa = PBXFileReference; lastKnownFileType = folder.assetcatalog; path = Assets.xcassets; sourceTree = "<group>"; };
		5ECBD4B22D326F16008220AA /* Base */ = {isa = PBXFileReference; lastKnownFileType = file.storyboard; name = Base; path = Base.lproj/LaunchScreen.storyboard; sourceTree = "<group>"; };
		5ECBD4B42D326F16008220AA /* Info.plist */ = {isa = PBXFileReference; lastKnownFileType = text.plist.xml; path = Info.plist; sourceTree = "<group>"; };
		5ECBD4BA2D32705D008220AA /* secrets.xcconfig */ = {isa = PBXFileReference; lastKnownFileType = text.xcconfig; path = secrets.xcconfig; sourceTree = "<group>"; };
		5ECBD4BC2D32750D008220AA /* APIClient.swift */ = {isa = PBXFileReference; lastKnownFileType = sourcecode.swift; path = APIClient.swift; sourceTree = "<group>"; };
		5ECBD4BF2D327B29008220AA /* Coin.swift */ = {isa = PBXFileReference; lastKnownFileType = sourcecode.swift; path = Coin.swift; sourceTree = "<group>"; };
		5ECBD4C12D327D41008220AA /* CoinsListService.swift */ = {isa = PBXFileReference; lastKnownFileType = sourcecode.swift; path = CoinsListService.swift; sourceTree = "<group>"; };
		5ECBD4C32D328871008220AA /* FavouriteCoinsViewController.swift */ = {isa = PBXFileReference; lastKnownFileType = sourcecode.swift; path = FavouriteCoinsViewController.swift; sourceTree = "<group>"; };
		5ECBD4CA2D329103008220AA /* CoinsListPresenter.swift */ = {isa = PBXFileReference; lastKnownFileType = sourcecode.swift; path = CoinsListPresenter.swift; sourceTree = "<group>"; };
		5ECBD4CC2D33F3CB008220AA /* FavouritesStore.swift */ = {isa = PBXFileReference; lastKnownFileType = sourcecode.swift; path = FavouritesStore.swift; sourceTree = "<group>"; };
		5ECBD4CE2D33F9AC008220AA /* FavouriteCoinsPresenter.swift */ = {isa = PBXFileReference; lastKnownFileType = sourcecode.swift; path = FavouriteCoinsPresenter.swift; sourceTree = "<group>"; };
		5ECBD4D32D340ACA008220AA /* String.swift */ = {isa = PBXFileReference; lastKnownFileType = sourcecode.swift; path = String.swift; sourceTree = "<group>"; };
		5ECBD4D52D340CBC008220AA /* SortOption.swift */ = {isa = PBXFileReference; lastKnownFileType = sourcecode.swift; path = SortOption.swift; sourceTree = "<group>"; };
		5ECBD4DC2D342431008220AA /* SortOptionsViewModel.swift */ = {isa = PBXFileReference; lastKnownFileType = sourcecode.swift; path = SortOptionsViewModel.swift; sourceTree = "<group>"; };
		5ECBD4DE2D342795008220AA /* CoinRowView.swift */ = {isa = PBXFileReference; lastKnownFileType = sourcecode.swift; path = CoinRowView.swift; sourceTree = "<group>"; };
		5ECBD4E02D342DB5008220AA /* CoinRowTableViewCell.swift */ = {isa = PBXFileReference; lastKnownFileType = sourcecode.swift; path = CoinRowTableViewCell.swift; sourceTree = "<group>"; };
		5ECBD4E22D343A6D008220AA /* CoinDetailsViewController.swift */ = {isa = PBXFileReference; lastKnownFileType = sourcecode.swift; path = CoinDetailsViewController.swift; sourceTree = "<group>"; };
		5ECBD4E42D34BD65008220AA /* CoinsListHeaderView.swift */ = {isa = PBXFileReference; lastKnownFileType = sourcecode.swift; path = CoinsListHeaderView.swift; sourceTree = "<group>"; };
		5ECBD4E62D354D38008220AA /* CoinDetailsView.swift */ = {isa = PBXFileReference; lastKnownFileType = sourcecode.swift; path = CoinDetailsView.swift; sourceTree = "<group>"; };
		5ECBD4E82D356FE3008220AA /* CoinDetails.swift */ = {isa = PBXFileReference; lastKnownFileType = sourcecode.swift; path = CoinDetails.swift; sourceTree = "<group>"; };
		5ECBD4EA2D356FF8008220AA /* CoinHistory.swift */ = {isa = PBXFileReference; lastKnownFileType = sourcecode.swift; path = CoinHistory.swift; sourceTree = "<group>"; };
		5ECBD4EC2D3572DE008220AA /* CoinStatisticsView.swift */ = {isa = PBXFileReference; lastKnownFileType = sourcecode.swift; path = CoinStatisticsView.swift; sourceTree = "<group>"; };
		5ECBD4EE2D357448008220AA /* CoinHistoryView.swift */ = {isa = PBXFileReference; lastKnownFileType = sourcecode.swift; path = CoinHistoryView.swift; sourceTree = "<group>"; };
		5ECBD4F12D357692008220AA /* CoinDetailsViewModel.swift */ = {isa = PBXFileReference; lastKnownFileType = sourcecode.swift; path = CoinDetailsViewModel.swift; sourceTree = "<group>"; };
		5ECBD4F32D35781F008220AA /* CoinDetailsService.swift */ = {isa = PBXFileReference; lastKnownFileType = sourcecode.swift; path = CoinDetailsService.swift; sourceTree = "<group>"; };
		5ECBD4F52D369D0D008220AA /* SortButton.swift */ = {isa = PBXFileReference; lastKnownFileType = sourcecode.swift; path = SortButton.swift; sourceTree = "<group>"; };
		5ECBD4FB2D36B14B008220AA /* Coin RankingTests.xctest */ = {isa = PBXFileReference; explicitFileType = wrapper.cfbundle; includeInIndex = 0; path = "Coin RankingTests.xctest"; sourceTree = BUILT_PRODUCTS_DIR; };
		5ECBD4FD2D36B14B008220AA /* Coin_RankingTests.swift */ = {isa = PBXFileReference; lastKnownFileType = sourcecode.swift; path = Coin_RankingTests.swift; sourceTree = "<group>"; };
/* End PBXFileReference section */

/* Begin PBXFrameworksBuildPhase section */
		5ECBD4A02D326F14008220AA /* Frameworks */ = {
			isa = PBXFrameworksBuildPhase;
			buildActionMask = 2147483647;
			files = (
			);
			runOnlyForDeploymentPostprocessing = 0;
		};
		5ECBD4F82D36B14B008220AA /* Frameworks */ = {
			isa = PBXFrameworksBuildPhase;
			buildActionMask = 2147483647;
			files = (
			);
			runOnlyForDeploymentPostprocessing = 0;
		};
/* End PBXFrameworksBuildPhase section */

/* Begin PBXGroup section */
		5ECBD49A2D326F14008220AA = {
			isa = PBXGroup;
			children = (
				5ECBD4BA2D32705D008220AA /* secrets.xcconfig */,
				5ECBD4A52D326F14008220AA /* Coin Ranking */,
				5ECBD4FC2D36B14B008220AA /* Coin RankingTests */,
				5ECBD4A42D326F14008220AA /* Products */,
			);
			sourceTree = "<group>";
		};
		5ECBD4A42D326F14008220AA /* Products */ = {
			isa = PBXGroup;
			children = (
				5ECBD4A32D326F14008220AA /* Coin Ranking.app */,
				5ECBD4FB2D36B14B008220AA /* Coin RankingTests.xctest */,
			);
			name = Products;
			sourceTree = "<group>";
		};
		5ECBD4A52D326F14008220AA /* Coin Ranking */ = {
			isa = PBXGroup;
			children = (
				5ECBD4B42D326F16008220AA /* Info.plist */,
				5ECBD4A62D326F14008220AA /* AppDelegate.swift */,
				5ECBD4A82D326F14008220AA /* SceneDelegate.swift */,
				5ECBD4D22D340ABF008220AA /* Extensions */,
				5ECBD4BE2D327B20008220AA /* Models */,
				5ECBD4BB2D3274BA008220AA /* DataService */,
				5ECBD4C82D3290AE008220AA /* Scenes */,
				5ECBD4F02D35766A008220AA /* ViewModels */,
				5ECBD4D72D340DC8008220AA /* Views */,
				5ECBD4C92D3290C9008220AA /* Resources */,
			);
			path = "Coin Ranking";
			sourceTree = "<group>";
		};
		5ECBD4BB2D3274BA008220AA /* DataService */ = {
			isa = PBXGroup;
			children = (
				5ECBD4BC2D32750D008220AA /* APIClient.swift */,
				5ECBD4C12D327D41008220AA /* CoinsListService.swift */,
				5ECBD4CC2D33F3CB008220AA /* FavouritesStore.swift */,
				5ECBD4F32D35781F008220AA /* CoinDetailsService.swift */,
			);
			path = DataService;
			sourceTree = "<group>";
		};
		5ECBD4BE2D327B20008220AA /* Models */ = {
			isa = PBXGroup;
			children = (
				5ECBD4BF2D327B29008220AA /* Coin.swift */,
				5ECBD4D52D340CBC008220AA /* SortOption.swift */,
				5ECBD4E82D356FE3008220AA /* CoinDetails.swift */,
				5ECBD4EA2D356FF8008220AA /* CoinHistory.swift */,
			);
			path = Models;
			sourceTree = "<group>";
		};
		5ECBD4C82D3290AE008220AA /* Scenes */ = {
			isa = PBXGroup;
			children = (
				5ECBD4AA2D326F14008220AA /* CoinsListViewController.swift */,
				5ECBD4CA2D329103008220AA /* CoinsListPresenter.swift */,
				5ECBD4C32D328871008220AA /* FavouriteCoinsViewController.swift */,
				5ECBD4CE2D33F9AC008220AA /* FavouriteCoinsPresenter.swift */,
				5ECBD4E02D342DB5008220AA /* CoinRowTableViewCell.swift */,
				5ECBD4E22D343A6D008220AA /* CoinDetailsViewController.swift */,
			);
			path = Scenes;
			sourceTree = "<group>";
		};
		5ECBD4C92D3290C9008220AA /* Resources */ = {
			isa = PBXGroup;
			children = (
				5ECBD4B12D326F16008220AA /* LaunchScreen.storyboard */,
				5ECBD4AF2D326F16008220AA /* Assets.xcassets */,
				5ECBD4AC2D326F14008220AA /* Main.storyboard */,
			);
			path = Resources;
			sourceTree = "<group>";
		};
		5ECBD4D22D340ABF008220AA /* Extensions */ = {
			isa = PBXGroup;
			children = (
				5ECBD4D32D340ACA008220AA /* String.swift */,
			);
			path = Extensions;
			sourceTree = "<group>";
		};
		5ECBD4D72D340DC8008220AA /* Views */ = {
			isa = PBXGroup;
			children = (
				5ECBD4DE2D342795008220AA /* CoinRowView.swift */,
				5ECBD4E42D34BD65008220AA /* CoinsListHeaderView.swift */,
				5ECBD4F52D369D0D008220AA /* SortButton.swift */,
				5ECBD4E62D354D38008220AA /* CoinDetailsView.swift */,
				5ECBD4EC2D3572DE008220AA /* CoinStatisticsView.swift */,
				5ECBD4EE2D357448008220AA /* CoinHistoryView.swift */,
			);
			path = Views;
			sourceTree = "<group>";
		};
		5ECBD4F02D35766A008220AA /* ViewModels */ = {
			isa = PBXGroup;
			children = (
				5ECBD4DC2D342431008220AA /* SortOptionsViewModel.swift */,
				5ECBD4F12D357692008220AA /* CoinDetailsViewModel.swift */,
			);
			path = ViewModels;
			sourceTree = "<group>";
		};
		5ECBD4FC2D36B14B008220AA /* Coin RankingTests */ = {
			isa = PBXGroup;
			children = (
				5ECBD4FD2D36B14B008220AA /* Coin_RankingTests.swift */,
			);
			path = "Coin RankingTests";
			sourceTree = "<group>";
		};
/* End PBXGroup section */

/* Begin PBXNativeTarget section */
		5ECBD4A22D326F14008220AA /* Coin Ranking */ = {
			isa = PBXNativeTarget;
			buildConfigurationList = 5ECBD4B72D326F16008220AA /* Build configuration list for PBXNativeTarget "Coin Ranking" */;
			buildPhases = (
				5ECBD49F2D326F14008220AA /* Sources */,
				5ECBD4A02D326F14008220AA /* Frameworks */,
				5ECBD4A12D326F14008220AA /* Resources */,
			);
			buildRules = (
			);
			dependencies = (
			);
			name = "Coin Ranking";
			productName = "Coin Ranking";
			productReference = 5ECBD4A32D326F14008220AA /* Coin Ranking.app */;
			productType = "com.apple.product-type.application";
		};
		5ECBD4FA2D36B14B008220AA /* Coin RankingTests */ = {
			isa = PBXNativeTarget;
			buildConfigurationList = 5ECBD5032D36B14B008220AA /* Build configuration list for PBXNativeTarget "Coin RankingTests" */;
			buildPhases = (
				5ECBD4F72D36B14B008220AA /* Sources */,
				5ECBD4F82D36B14B008220AA /* Frameworks */,
				5ECBD4F92D36B14B008220AA /* Resources */,
			);
			buildRules = (
			);
			dependencies = (
				5ECBD5002D36B14B008220AA /* PBXTargetDependency */,
			);
			name = "Coin RankingTests";
			productName = "Coin RankingTests";
			productReference = 5ECBD4FB2D36B14B008220AA /* Coin RankingTests.xctest */;
			productType = "com.apple.product-type.bundle.unit-test";
		};
/* End PBXNativeTarget section */

/* Begin PBXProject section */
		5ECBD49B2D326F14008220AA /* Project object */ = {
			isa = PBXProject;
			attributes = {
				BuildIndependentTargetsInParallel = 1;
				LastSwiftUpdateCheck = 1500;
				LastUpgradeCheck = 1500;
				TargetAttributes = {
					5ECBD4A22D326F14008220AA = {
						CreatedOnToolsVersion = 15.0.1;
					};
					5ECBD4FA2D36B14B008220AA = {
						CreatedOnToolsVersion = 15.0.1;
						TestTargetID = 5ECBD4A22D326F14008220AA;
					};
				};
			};
			buildConfigurationList = 5ECBD49E2D326F14008220AA /* Build configuration list for PBXProject "Coin Ranking" */;
			compatibilityVersion = "Xcode 14.0";
			developmentRegion = en;
			hasScannedForEncodings = 0;
			knownRegions = (
				en,
				Base,
			);
			mainGroup = 5ECBD49A2D326F14008220AA;
			productRefGroup = 5ECBD4A42D326F14008220AA /* Products */;
			projectDirPath = "";
			projectRoot = "";
			targets = (
				5ECBD4A22D326F14008220AA /* Coin Ranking */,
				5ECBD4FA2D36B14B008220AA /* Coin RankingTests */,
			);
		};
/* End PBXProject section */

/* Begin PBXResourcesBuildPhase section */
		5ECBD4A12D326F14008220AA /* Resources */ = {
			isa = PBXResourcesBuildPhase;
			buildActionMask = 2147483647;
			files = (
				5ECBD4B32D326F16008220AA /* LaunchScreen.storyboard in Resources */,
				5ECBD4B02D326F16008220AA /* Assets.xcassets in Resources */,
				5ECBD4AE2D326F14008220AA /* Main.storyboard in Resources */,
			);
			runOnlyForDeploymentPostprocessing = 0;
		};
		5ECBD4F92D36B14B008220AA /* Resources */ = {
			isa = PBXResourcesBuildPhase;
			buildActionMask = 2147483647;
			files = (
			);
			runOnlyForDeploymentPostprocessing = 0;
		};
/* End PBXResourcesBuildPhase section */

/* Begin PBXSourcesBuildPhase section */
		5ECBD49F2D326F14008220AA /* Sources */ = {
			isa = PBXSourcesBuildPhase;
			buildActionMask = 2147483647;
			files = (
				5ECBD4E92D356FE3008220AA /* CoinDetails.swift in Sources */,
				5ECBD4EB2D356FF8008220AA /* CoinHistory.swift in Sources */,
				5ECBD4ED2D3572DE008220AA /* CoinStatisticsView.swift in Sources */,
				5ECBD4E72D354D38008220AA /* CoinDetailsView.swift in Sources */,
				5ECBD4EF2D357448008220AA /* CoinHistoryView.swift in Sources */,
				5ECBD4C22D327D41008220AA /* CoinsListService.swift in Sources */,
				5ECBD4D42D340ACA008220AA /* String.swift in Sources */,
				5ECBD4F42D35781F008220AA /* CoinDetailsService.swift in Sources */,
				5ECBD4DD2D342431008220AA /* SortOptionsViewModel.swift in Sources */,
				5ECBD4CD2D33F3CB008220AA /* FavouritesStore.swift in Sources */,
				5ECBD4AB2D326F14008220AA /* CoinsListViewController.swift in Sources */,
				5ECBD4CF2D33F9AC008220AA /* FavouriteCoinsPresenter.swift in Sources */,
				5ECBD4DF2D342795008220AA /* CoinRowView.swift in Sources */,
				5ECBD4A72D326F14008220AA /* AppDelegate.swift in Sources */,
				5ECBD4A92D326F14008220AA /* SceneDelegate.swift in Sources */,
				5ECBD4E52D34BD65008220AA /* CoinsListHeaderView.swift in Sources */,
				5ECBD4C42D328871008220AA /* FavouriteCoinsViewController.swift in Sources */,
				5ECBD4C02D327B29008220AA /* Coin.swift in Sources */,
				5ECBD4BD2D32750D008220AA /* APIClient.swift in Sources */,
				5ECBD4E32D343A6D008220AA /* CoinDetailsViewController.swift in Sources */,
				5ECBD4D62D340CBC008220AA /* SortOption.swift in Sources */,
				5ECBD4F22D357692008220AA /* CoinDetailsViewModel.swift in Sources */,
				5ECBD4F62D369D0D008220AA /* SortButton.swift in Sources */,
				5ECBD4CB2D329103008220AA /* CoinsListPresenter.swift in Sources */,
				5ECBD4E12D342DB5008220AA /* CoinRowTableViewCell.swift in Sources */,
			);
			runOnlyForDeploymentPostprocessing = 0;
		};
		5ECBD4F72D36B14B008220AA /* Sources */ = {
			isa = PBXSourcesBuildPhase;
			buildActionMask = 2147483647;
			files = (
				5ECBD4FE2D36B14B008220AA /* Coin_RankingTests.swift in Sources */,
			);
			runOnlyForDeploymentPostprocessing = 0;
		};
/* End PBXSourcesBuildPhase section */

/* Begin PBXTargetDependency section */
		5ECBD5002D36B14B008220AA /* PBXTargetDependency */ = {
			isa = PBXTargetDependency;
			target = 5ECBD4A22D326F14008220AA /* Coin Ranking */;
			targetProxy = 5ECBD4FF2D36B14B008220AA /* PBXContainerItemProxy */;
		};
/* End PBXTargetDependency section */

/* Begin PBXVariantGroup section */
		5ECBD4AC2D326F14008220AA /* Main.storyboard */ = {
			isa = PBXVariantGroup;
			children = (
				5ECBD4AD2D326F14008220AA /* Base */,
			);
			name = Main.storyboard;
			sourceTree = "<group>";
		};
		5ECBD4B12D326F16008220AA /* LaunchScreen.storyboard */ = {
			isa = PBXVariantGroup;
			children = (
				5ECBD4B22D326F16008220AA /* Base */,
			);
			name = LaunchScreen.storyboard;
			sourceTree = "<group>";
		};
/* End PBXVariantGroup section */

/* Begin XCBuildConfiguration section */
		5ECBD4B52D326F16008220AA /* Debug */ = {
			isa = XCBuildConfiguration;
			buildSettings = {
				ALWAYS_SEARCH_USER_PATHS = NO;
				ASSETCATALOG_COMPILER_GENERATE_SWIFT_ASSET_SYMBOL_EXTENSIONS = YES;
				CLANG_ANALYZER_NONNULL = YES;
				CLANG_ANALYZER_NUMBER_OBJECT_CONVERSION = YES_AGGRESSIVE;
				CLANG_CXX_LANGUAGE_STANDARD = "gnu++20";
				CLANG_ENABLE_MODULES = YES;
				CLANG_ENABLE_OBJC_ARC = YES;
				CLANG_ENABLE_OBJC_WEAK = YES;
				CLANG_WARN_BLOCK_CAPTURE_AUTORELEASING = YES;
				CLANG_WARN_BOOL_CONVERSION = YES;
				CLANG_WARN_COMMA = YES;
				CLANG_WARN_CONSTANT_CONVERSION = YES;
				CLANG_WARN_DEPRECATED_OBJC_IMPLEMENTATIONS = YES;
				CLANG_WARN_DIRECT_OBJC_ISA_USAGE = YES_ERROR;
				CLANG_WARN_DOCUMENTATION_COMMENTS = YES;
				CLANG_WARN_EMPTY_BODY = YES;
				CLANG_WARN_ENUM_CONVERSION = YES;
				CLANG_WARN_INFINITE_RECURSION = YES;
				CLANG_WARN_INT_CONVERSION = YES;
				CLANG_WARN_NON_LITERAL_NULL_CONVERSION = YES;
				CLANG_WARN_OBJC_IMPLICIT_RETAIN_SELF = YES;
				CLANG_WARN_OBJC_LITERAL_CONVERSION = YES;
				CLANG_WARN_OBJC_ROOT_CLASS = YES_ERROR;
				CLANG_WARN_QUOTED_INCLUDE_IN_FRAMEWORK_HEADER = YES;
				CLANG_WARN_RANGE_LOOP_ANALYSIS = YES;
				CLANG_WARN_STRICT_PROTOTYPES = YES;
				CLANG_WARN_SUSPICIOUS_MOVE = YES;
				CLANG_WARN_UNGUARDED_AVAILABILITY = YES_AGGRESSIVE;
				CLANG_WARN_UNREACHABLE_CODE = YES;
				CLANG_WARN__DUPLICATE_METHOD_MATCH = YES;
				COPY_PHASE_STRIP = NO;
				DEBUG_INFORMATION_FORMAT = dwarf;
				ENABLE_STRICT_OBJC_MSGSEND = YES;
				ENABLE_TESTABILITY = YES;
				ENABLE_USER_SCRIPT_SANDBOXING = YES;
				GCC_C_LANGUAGE_STANDARD = gnu17;
				GCC_DYNAMIC_NO_PIC = NO;
				GCC_NO_COMMON_BLOCKS = YES;
				GCC_OPTIMIZATION_LEVEL = 0;
				GCC_PREPROCESSOR_DEFINITIONS = (
					"DEBUG=1",
					"$(inherited)",
				);
				GCC_WARN_64_TO_32_BIT_CONVERSION = YES;
				GCC_WARN_ABOUT_RETURN_TYPE = YES_ERROR;
				GCC_WARN_UNDECLARED_SELECTOR = YES;
				GCC_WARN_UNINITIALIZED_AUTOS = YES_AGGRESSIVE;
				GCC_WARN_UNUSED_FUNCTION = YES;
				GCC_WARN_UNUSED_VARIABLE = YES;
				IPHONEOS_DEPLOYMENT_TARGET = 17.0;
				LOCALIZATION_PREFERS_STRING_CATALOGS = YES;
				MTL_ENABLE_DEBUG_INFO = INCLUDE_SOURCE;
				MTL_FAST_MATH = YES;
				ONLY_ACTIVE_ARCH = YES;
				SDKROOT = iphoneos;
				SWIFT_ACTIVE_COMPILATION_CONDITIONS = "DEBUG $(inherited)";
				SWIFT_OPTIMIZATION_LEVEL = "-Onone";
			};
			name = Debug;
		};
		5ECBD4B62D326F16008220AA /* Release */ = {
			isa = XCBuildConfiguration;
			buildSettings = {
				ALWAYS_SEARCH_USER_PATHS = NO;
				ASSETCATALOG_COMPILER_GENERATE_SWIFT_ASSET_SYMBOL_EXTENSIONS = YES;
				CLANG_ANALYZER_NONNULL = YES;
				CLANG_ANALYZER_NUMBER_OBJECT_CONVERSION = YES_AGGRESSIVE;
				CLANG_CXX_LANGUAGE_STANDARD = "gnu++20";
				CLANG_ENABLE_MODULES = YES;
				CLANG_ENABLE_OBJC_ARC = YES;
				CLANG_ENABLE_OBJC_WEAK = YES;
				CLANG_WARN_BLOCK_CAPTURE_AUTORELEASING = YES;
				CLANG_WARN_BOOL_CONVERSION = YES;
				CLANG_WARN_COMMA = YES;
				CLANG_WARN_CONSTANT_CONVERSION = YES;
				CLANG_WARN_DEPRECATED_OBJC_IMPLEMENTATIONS = YES;
				CLANG_WARN_DIRECT_OBJC_ISA_USAGE = YES_ERROR;
				CLANG_WARN_DOCUMENTATION_COMMENTS = YES;
				CLANG_WARN_EMPTY_BODY = YES;
				CLANG_WARN_ENUM_CONVERSION = YES;
				CLANG_WARN_INFINITE_RECURSION = YES;
				CLANG_WARN_INT_CONVERSION = YES;
				CLANG_WARN_NON_LITERAL_NULL_CONVERSION = YES;
				CLANG_WARN_OBJC_IMPLICIT_RETAIN_SELF = YES;
				CLANG_WARN_OBJC_LITERAL_CONVERSION = YES;
				CLANG_WARN_OBJC_ROOT_CLASS = YES_ERROR;
				CLANG_WARN_QUOTED_INCLUDE_IN_FRAMEWORK_HEADER = YES;
				CLANG_WARN_RANGE_LOOP_ANALYSIS = YES;
				CLANG_WARN_STRICT_PROTOTYPES = YES;
				CLANG_WARN_SUSPICIOUS_MOVE = YES;
				CLANG_WARN_UNGUARDED_AVAILABILITY = YES_AGGRESSIVE;
				CLANG_WARN_UNREACHABLE_CODE = YES;
				CLANG_WARN__DUPLICATE_METHOD_MATCH = YES;
				COPY_PHASE_STRIP = NO;
				DEBUG_INFORMATION_FORMAT = "dwarf-with-dsym";
				ENABLE_NS_ASSERTIONS = NO;
				ENABLE_STRICT_OBJC_MSGSEND = YES;
				ENABLE_USER_SCRIPT_SANDBOXING = YES;
				GCC_C_LANGUAGE_STANDARD = gnu17;
				GCC_NO_COMMON_BLOCKS = YES;
				GCC_WARN_64_TO_32_BIT_CONVERSION = YES;
				GCC_WARN_ABOUT_RETURN_TYPE = YES_ERROR;
				GCC_WARN_UNDECLARED_SELECTOR = YES;
				GCC_WARN_UNINITIALIZED_AUTOS = YES_AGGRESSIVE;
				GCC_WARN_UNUSED_FUNCTION = YES;
				GCC_WARN_UNUSED_VARIABLE = YES;
				IPHONEOS_DEPLOYMENT_TARGET = 17.0;
				LOCALIZATION_PREFERS_STRING_CATALOGS = YES;
				MTL_ENABLE_DEBUG_INFO = NO;
				MTL_FAST_MATH = YES;
				SDKROOT = iphoneos;
				SWIFT_COMPILATION_MODE = wholemodule;
				VALIDATE_PRODUCT = YES;
			};
			name = Release;
		};
		5ECBD4B82D326F16008220AA /* Debug */ = {
			isa = XCBuildConfiguration;
			buildSettings = {
				ASSETCATALOG_COMPILER_APPICON_NAME = AppIcon;
				ASSETCATALOG_COMPILER_GLOBAL_ACCENT_COLOR_NAME = AccentColor;
				CODE_SIGN_STYLE = Automatic;
				CURRENT_PROJECT_VERSION = 1;
				DEVELOPMENT_TEAM = KL48363826;
				GENERATE_INFOPLIST_FILE = YES;
				INFOPLIST_FILE = "Coin Ranking/Info.plist";
				INFOPLIST_KEY_UIApplicationSupportsIndirectInputEvents = YES;
				INFOPLIST_KEY_UILaunchStoryboardName = LaunchScreen;
				INFOPLIST_KEY_UIMainStoryboardFile = Main;
				INFOPLIST_KEY_UISupportedInterfaceOrientations_iPad = "UIInterfaceOrientationPortrait UIInterfaceOrientationPortraitUpsideDown UIInterfaceOrientationLandscapeLeft UIInterfaceOrientationLandscapeRight";
				INFOPLIST_KEY_UISupportedInterfaceOrientations_iPhone = "UIInterfaceOrientationPortrait UIInterfaceOrientationLandscapeLeft UIInterfaceOrientationLandscapeRight";
				LD_RUNPATH_SEARCH_PATHS = (
					"$(inherited)",
					"@executable_path/Frameworks",
				);
				MARKETING_VERSION = 1.0;
				PRODUCT_BUNDLE_IDENTIFIER = "com.daitensai.Coin-Ranking";
				PRODUCT_NAME = "$(TARGET_NAME)";
				SWIFT_EMIT_LOC_STRINGS = YES;
				SWIFT_VERSION = 5.0;
				TARGETED_DEVICE_FAMILY = "1,2";
			};
			name = Debug;
		};
		5ECBD4B92D326F16008220AA /* Release */ = {
			isa = XCBuildConfiguration;
			buildSettings = {
				ASSETCATALOG_COMPILER_APPICON_NAME = AppIcon;
				ASSETCATALOG_COMPILER_GLOBAL_ACCENT_COLOR_NAME = AccentColor;
				CODE_SIGN_STYLE = Automatic;
				CURRENT_PROJECT_VERSION = 1;
				DEVELOPMENT_TEAM = KL48363826;
				GENERATE_INFOPLIST_FILE = YES;
				INFOPLIST_FILE = "Coin Ranking/Info.plist";
				INFOPLIST_KEY_UIApplicationSupportsIndirectInputEvents = YES;
				INFOPLIST_KEY_UILaunchStoryboardName = LaunchScreen;
				INFOPLIST_KEY_UIMainStoryboardFile = Main;
				INFOPLIST_KEY_UISupportedInterfaceOrientations_iPad = "UIInterfaceOrientationPortrait UIInterfaceOrientationPortraitUpsideDown UIInterfaceOrientationLandscapeLeft UIInterfaceOrientationLandscapeRight";
				INFOPLIST_KEY_UISupportedInterfaceOrientations_iPhone = "UIInterfaceOrientationPortrait UIInterfaceOrientationLandscapeLeft UIInterfaceOrientationLandscapeRight";
				LD_RUNPATH_SEARCH_PATHS = (
					"$(inherited)",
					"@executable_path/Frameworks",
				);
				MARKETING_VERSION = 1.0;
				PRODUCT_BUNDLE_IDENTIFIER = "com.daitensai.Coin-Ranking";
				PRODUCT_NAME = "$(TARGET_NAME)";
				SWIFT_EMIT_LOC_STRINGS = YES;
				SWIFT_VERSION = 5.0;
				TARGETED_DEVICE_FAMILY = "1,2";
			};
			name = Release;
		};
		5ECBD5012D36B14B008220AA /* Debug */ = {
			isa = XCBuildConfiguration;
			buildSettings = {
				BUNDLE_LOADER = "$(TEST_HOST)";
				CODE_SIGN_STYLE = Automatic;
				CURRENT_PROJECT_VERSION = 1;
				DEVELOPMENT_TEAM = KL48363826;
				GENERATE_INFOPLIST_FILE = YES;
				MARKETING_VERSION = 1.0;
				PRODUCT_BUNDLE_IDENTIFIER = "com.daitensai.Coin-RankingTests";
				PRODUCT_NAME = "$(TARGET_NAME)";
				SWIFT_EMIT_LOC_STRINGS = NO;
				SWIFT_VERSION = 5.0;
				TARGETED_DEVICE_FAMILY = "1,2";
				TEST_HOST = "$(BUILT_PRODUCTS_DIR)/Coin Ranking.app/$(BUNDLE_EXECUTABLE_FOLDER_PATH)/Coin Ranking";
			};
			name = Debug;
		};
		5ECBD5022D36B14B008220AA /* Release */ = {
			isa = XCBuildConfiguration;
			buildSettings = {
				BUNDLE_LOADER = "$(TEST_HOST)";
				CODE_SIGN_STYLE = Automatic;
				CURRENT_PROJECT_VERSION = 1;
				DEVELOPMENT_TEAM = KL48363826;
				GENERATE_INFOPLIST_FILE = YES;
				MARKETING_VERSION = 1.0;
				PRODUCT_BUNDLE_IDENTIFIER = "com.daitensai.Coin-RankingTests";
				PRODUCT_NAME = "$(TARGET_NAME)";
				SWIFT_EMIT_LOC_STRINGS = NO;
				SWIFT_VERSION = 5.0;
				TARGETED_DEVICE_FAMILY = "1,2";
				TEST_HOST = "$(BUILT_PRODUCTS_DIR)/Coin Ranking.app/$(BUNDLE_EXECUTABLE_FOLDER_PATH)/Coin Ranking";
			};
			name = Release;
		};
/* End XCBuildConfiguration section */

/* Begin XCConfigurationList section */
		5ECBD49E2D326F14008220AA /* Build configuration list for PBXProject "Coin Ranking" */ = {
			isa = XCConfigurationList;
			buildConfigurations = (
				5ECBD4B52D326F16008220AA /* Debug */,
				5ECBD4B62D326F16008220AA /* Release */,
			);
			defaultConfigurationIsVisible = 0;
			defaultConfigurationName = Release;
		};
		5ECBD4B72D326F16008220AA /* Build configuration list for PBXNativeTarget "Coin Ranking" */ = {
			isa = XCConfigurationList;
			buildConfigurations = (
				5ECBD4B82D326F16008220AA /* Debug */,
				5ECBD4B92D326F16008220AA /* Release */,
			);
			defaultConfigurationIsVisible = 0;
			defaultConfigurationName = Release;
		};
		5ECBD5032D36B14B008220AA /* Build configuration list for PBXNativeTarget "Coin RankingTests" */ = {
			isa = XCConfigurationList;
			buildConfigurations = (
				5ECBD5012D36B14B008220AA /* Debug */,
				5ECBD5022D36B14B008220AA /* Release */,
			);
			defaultConfigurationIsVisible = 0;
			defaultConfigurationName = Release;
		};
/* End XCConfigurationList section */
	};
	rootObject = 5ECBD49B2D326F14008220AA /* Project object */;
}
